
Microsoft Visual Studio Solution File, Format Version 12.00
# Visual Studio Version 17
VisualStudioVersion = 17.1.32210.238
MinimumVisualStudioVersion = 10.0.40219.1
Project("{FAE04EC0-301F-11D3-BF4B-00C04F79EFBC}") = "Pgn2Obk", "Pgn2Obk\Pgn2Obk.csproj", "{73785673-1356-4190-A51E-9F7791735327}"
EndProject
Global
	GlobalSection(SolutionConfigurationPlatforms) = preSolution
		Debug|Any CPU = Debug|Any CPU
		Release|Any CPU = Release|Any CPU
	EndGlobalSection
	GlobalSection(ProjectConfigurationPlatforms) = postSolution
		{73785673-1356-4190-A51E-9F7791735327}.Debug|Any CPU.ActiveCfg = Debug|Any CPU
		{73785673-1356-4190-A51E-9F7791735327}.Debug|Any CPU.Build.0 = Debug|Any CPU
		{73785673-1356-4190-A51E-9F7791735327}.Release|Any CPU.ActiveCfg = Release|Any CPU
		{73785673-1356-4190-A51E-9F7791735327}.Release|Any CPU.Build.0 = Release|Any CPU
	EndGlobalSection
	GlobalSection(SolutionProperties) = preSolution
		HideSolutionNode = FALSE
	EndGlobalSection
	GlobalSection(ExtensibilityGlobals) = postSolution
		SolutionGuid = {DE5E7FAE-0723-4232-9DA7-B8994DF05EE2}
	EndGlobalSection
EndGlobal
